
Microsoft Visual Studio Solution File, Format Version 12.00
# Visual Studio 15
VisualStudioVersion = 15.0.27703.2035
MinimumVisualStudioVersion = 10.0.40219.1
Project("{FAE04EC0-301F-11D3-BF4B-00C04F79EFBC}") = "project-with-secrets", "project-with-secrets\project-with-secrets.csproj", "{A22CF5D0-1BA9-485F-BAA3-0420504B6EDA}"
EndProject
Global
	GlobalSection(SolutionConfigurationPlatforms) = preSolution
		Debug|Any CPU = Debug|Any CPU
		Release|Any CPU = Release|Any CPU
	EndGlobalSection
	GlobalSection(ProjectConfigurationPlatforms) = postSolution
		{A22CF5D0-1BA9-485F-BAA3-0420504B6EDA}.Debug|Any CPU.ActiveCfg = Debug|Any CPU
		{A22CF5D0-1BA9-485F-BAA3-0420504B6EDA}.Debug|Any CPU.Build.0 = Debug|Any CPU
		{A22CF5D0-1BA9-485F-BAA3-0420504B6EDA}.Release|Any CPU.ActiveCfg = Release|Any CPU
		{A22CF5D0-1BA9-485F-BAA3-0420504B6EDA}.Release|Any CPU.Build.0 = Release|Any CPU
	EndGlobalSection
	GlobalSection(SolutionProperties) = preSolution
		HideSolutionNode = FALSE
	EndGlobalSection
	GlobalSection(ExtensibilityGlobals) = postSolution
		SolutionGuid = {53D55CAC-52E2-4BC3-80D3-AA8EE6391222}
	EndGlobalSection
EndGlobal
